{
    "_readme": [
        "This file locks the dependencies of your project to a known state",
        "Read more about it at https://getcomposer.org/doc/01-basic-usage.md#installing-dependencies",
        "This file is @generated automatically"
    ],
    "content-hash": "cc4e8feb8a54bd57745167c36956e01e",
    "packages": [
        {
            "name": "windwalker/dom",
            "version": "3.5.1",
            "source": {
                "type": "git",
                "url": "https://github.com/ventoviro/windwalker-dom.git",
                "reference": "d19ee661a1a700cd970d90830a122d4100304a5c"
            },
            "dist": {
                "type": "zip",
                "url": "https://api.github.com/repos/ventoviro/windwalker-dom/zipball/d19ee661a1a700cd970d90830a122d4100304a5c",
                "reference": "d19ee661a1a700cd970d90830a122d4100304a5c",
                "shasum": ""
            },
            "require": {
                "php": ">=7.1.3"
            },
            "require-dev": {
                "windwalker/test": "~3.0"
            },
            "type": "windwalker-package",
            "extra": {
                "branch-alias": {
                    "dev-master": "3.x-dev"
                }
            },
            "autoload": {
                "psr-4": {
                    "Windwalker\\Dom\\": ""
                }
            },
            "notification-url": "https://packagist.org/downloads/",
            "license": [
                "LGPL-2.0-or-later"
            ],
            "description": "Windwalker Dom package",
            "homepage": "https://github.com/ventoviro/windwalker-dom",
            "keywords": [
                "filesystem",
                "framework",
                "windwalker"
            ],
            "time": "2019-01-13T08:39:07+00:00"
        }
    ],
    "packages-dev": [],
    "aliases": [],
    "minimum-stability": "stable",
    "stability-flags": [],
    "prefer-stable": false,
    "prefer-lowest": false,
    "platform": [],
    "platform-dev": []
}
